{
  "name": "roslibjs-foxglove",
  "version": "0.0.1",
  "lockfileVersion": 3,
  "requires": true,
  "packages": {
    "": {
      "name": "roslibjs-foxglove",
      "version": "0.0.1",
      "dependencies": {
        "@foxglove/rosmsg": "^4.2.2",
        "@foxglove/rosmsg2-serialization": "^2.0.2",
        "@foxglove/ws-protocol": "^0.7.1",
        "eventemitter3": "^5.0.1",
        "isomorphic-ws": "^5.0.0"
      },
      "devDependencies": {
        "typescript": "^5.2.2"
      }
    },
    "node_modules/@foxglove/cdr": {
      "version": "2.1.0",
      "resolved": "https://registry.npmjs.org/@foxglove/cdr/-/cdr-2.1.0.tgz",
      "integrity": "sha512-2jNHDt3EitikewW7pDzkh0BLx1qc1clXmgdbNRI8g4lpaib4EZ9pFdcVtbJ8iP9/yev6xustPSHqRPVWwtuFzQ==",
      "engines": {
        "node": ">= 14"
      }
    },
    "node_modules/@foxglove/message-definition": {
      "version": "0.2.0",
      "resolved": "https://registry.npmjs.org/@foxglove/message-definition/-/message-definition-0.2.0.tgz",
      "integrity": "sha512-IQHIGCvBZR8GIua9nEpS+hsMF3gm1bfbrrnjG0rgtcFBWiNuKbzx4vIP8OIwDC+8wtwcFdfJhf4Vp5TPFiUUcQ=="
    },
    "node_modules/@foxglove/rosmsg": {
      "version": "4.2.2",
      "resolved": "https://registry.npmjs.org/@foxglove/rosmsg/-/rosmsg-4.2.2.tgz",
      "integrity": "sha512-bAY7+b/3AJnR6pIkUWbDdFCRGwCc/WaI9V/51nkj0iNP16ZMJ6s5xPDwKYMpaNIlFSyJG1QE69AmRPRYzP6oEQ==",
      "dependencies": {
        "@foxglove/message-definition": "^0.2.0",
        "md5-typescript": "^1.0.5"
      },
      "bin": {
        "gendeps2": "bin/gendeps2"
      },
      "engines": {
        "node": ">= 14"
      }
    },
    "node_modules/@foxglove/rosmsg2-serialization": {
      "version": "2.0.2",
      "resolved": "https://registry.npmjs.org/@foxglove/rosmsg2-serialization/-/rosmsg2-serialization-2.0.2.tgz",
      "integrity": "sha512-rkaavyCh3gxk7r7+TsWigA96dCwTVgdUHBeXUpufyosXzFylxW2/4qkSKPUKyq0pW5tbOSAlmrH3aJsHZSY0UQ==",
      "dependencies": {
        "@foxglove/cdr": "^2.0.0",
        "@foxglove/message-definition": "^0.2.0",
        "@foxglove/rostime": "^1.1.2"
      },
      "engines": {
        "node": ">= 14"
      }
    },
    "node_modules/@foxglove/rostime": {
      "version": "1.1.2",
      "resolved": "https://registry.npmjs.org/@foxglove/rostime/-/rostime-1.1.2.tgz",
      "integrity": "sha512-vWuTJCuGv0xvgwOlrZ1y2MevmNMVxWcUU/HwlmYXi/jUq/kRaACStU18uyuZ3LzdNKaffkti0rTcXWESaQjwQw==",
      "engines": {
        "node": ">= 14"
      }
    },
    "node_modules/@foxglove/ws-protocol": {
      "version": "0.7.1",
      "resolved": "https://registry.npmjs.org/@foxglove/ws-protocol/-/ws-protocol-0.7.1.tgz",
      "integrity": "sha512-FWp20rLCe6Avv17cn8pB08G5Cv/n8nWdJPAEUdMz2ROmU1+ZanNt7JWQehLGtA810gVEJP4dqhNB6/eCWrOmVA==",
      "dependencies": {
        "debug": "^4",
        "eventemitter3": "^5.0.1",
        "tslib": "^2.6.0"
      }
    },
    "node_modules/debug": {
      "version": "4.3.4",
      "resolved": "https://registry.npmjs.org/debug/-/debug-4.3.4.tgz",
      "integrity": "sha512-PRWFHuSU3eDtQJPvnNY7Jcket1j0t5OuOsFzPPzsekD52Zl8qUfFIPEiswXqIvHWGVHOgX+7G/vCNNhehwxfkQ==",
      "dependencies": {
        "ms": "2.1.2"
      },
      "engines": {
        "node": ">=6.0"
      },
      "peerDependenciesMeta": {
        "supports-color": {
          "optional": true
        }
      }
    },
    "node_modules/eventemitter3": {
      "version": "5.0.1",
      "resolved": "https://registry.npmjs.org/eventemitter3/-/eventemitter3-5.0.1.tgz",
      "integrity": "sha512-GWkBvjiSZK87ELrYOSESUYeVIc9mvLLf/nXalMOS5dYrgZq9o5OVkbZAVM06CVxYsCwH9BDZFPlQTlPA1j4ahA=="
    },
    "node_modules/isomorphic-ws": {
      "version": "5.0.0",
      "resolved": "https://registry.npmjs.org/isomorphic-ws/-/isomorphic-ws-5.0.0.tgz",
      "integrity": "sha512-muId7Zzn9ywDsyXgTIafTry2sV3nySZeUDe6YedVd1Hvuuep5AsIlqK+XefWpYTyJG5e503F2xIuT2lcU6rCSw==",
      "peerDependencies": {
        "ws": "*"
      }
    },
    "node_modules/md5-typescript": {
      "version": "1.0.5",
      "resolved": "https://registry.npmjs.org/md5-typescript/-/md5-typescript-1.0.5.tgz",
      "integrity": "sha512-ovAc4EtiNt2dY8JPhPr/wkC9h4U5k/nuClNVcG0Ga3V1rMlYpAY24ZaaymFXJlz+ccJ6UMPo3FSaVKe7czBsXw=="
    },
    "node_modules/ms": {
      "version": "2.1.2",
      "resolved": "https://registry.npmjs.org/ms/-/ms-2.1.2.tgz",
      "integrity": "sha512-sGkPx+VjMtmA6MX27oA4FBFELFCZZ4S4XqeGOXCv68tT+jb3vk/RyaKWP0PTKyWtmLSM0b+adUTEvbs1PEaH2w=="
    },
    "node_modules/tslib": {
      "version": "2.6.2",
      "resolved": "https://registry.npmjs.org/tslib/-/tslib-2.6.2.tgz",
      "integrity": "sha512-AEYxH93jGFPn/a2iVAwW87VuUIkR1FVUKB77NwMF7nBTDkDrrT/Hpt/IrCJ0QXhW27jTBDcf5ZY7w6RiqTMw2Q=="
    },
    "node_modules/typescript": {
      "version": "5.2.2",
      "resolved": "https://registry.npmjs.org/typescript/-/typescript-5.2.2.tgz",
      "integrity": "sha512-mI4WrpHsbCIcwT9cF4FZvr80QUeKvsUsUvKDoR+X/7XHQH98xYD8YHZg7ANtz2GtZt/CBq2QJ0thkGJMHfqc1w==",
      "dev": true,
      "bin": {
        "tsc": "bin/tsc",
        "tsserver": "bin/tsserver"
      },
      "engines": {
        "node": ">=14.17"
      }
    },
    "node_modules/ws": {
      "version": "8.14.2",
      "resolved": "https://registry.npmjs.org/ws/-/ws-8.14.2.tgz",
      "integrity": "sha512-wEBG1ftX4jcglPxgFCMJmZ2PLtSbJ2Peg6TmpJFTbe9GZYOQCDPdMYu/Tm0/bGZkw8paZnJY45J4K2PZrLYq8g==",
      "peer": true,
      "engines": {
        "node": ">=10.0.0"
      },
      "peerDependencies": {
        "bufferutil": "^4.0.1",
        "utf-8-validate": ">=5.0.2"
      },
      "peerDependenciesMeta": {
        "bufferutil": {
          "optional": true
        },
        "utf-8-validate": {
          "optional": true
        }
      }
    }
  }
}
